
Microsoft Visual Studio Solution File, Format Version 12.00
# Visual Studio Version 17
VisualStudioVersion = 17.10.35122.118
MinimumVisualStudioVersion = 10.0.40219.1
Project("{9A19103F-16F7-4668-BE54-9A1E7A4F7556}") = "SuggestionMakers", "SuggestionMakers\SuggestionMakers.csproj", "{3222C504-DF1A-49A7-9061-E6561DF09564}"
EndProject
Project("{9A19103F-16F7-4668-BE54-9A1E7A4F7556}") = "GenChat.TheAI", "GenChat.TheAI\GenChat.TheAI.csproj", "{3A1B975B-4C73-4977-9756-1E1220A0E7B2}"
EndProject
Project("{9A19103F-16F7-4668-BE54-9A1E7A4F7556}") = "GenChat.TheAI.Test", "GenChat.TheAI.Test\GenChat.TheAI.Test.csproj", "{77A4CBDA-1AC8-441B-B880-B3971E7EEE2F}"
EndProject
Global
	GlobalSection(SolutionConfigurationPlatforms) = preSolution
		Debug|Any CPU = Debug|Any CPU
		Release|Any CPU = Release|Any CPU
	EndGlobalSection
	GlobalSection(ProjectConfigurationPlatforms) = postSolution
		{3222C504-DF1A-49A7-9061-E6561DF09564}.Debug|Any CPU.ActiveCfg = Debug|Any CPU
		{3222C504-DF1A-49A7-9061-E6561DF09564}.Debug|Any CPU.Build.0 = Debug|Any CPU
		{3222C504-DF1A-49A7-9061-E6561DF09564}.Release|Any CPU.ActiveCfg = Release|Any CPU
		{3222C504-DF1A-49A7-9061-E6561DF09564}.Release|Any CPU.Build.0 = Release|Any CPU
		{3A1B975B-4C73-4977-9756-1E1220A0E7B2}.Debug|Any CPU.ActiveCfg = Debug|Any CPU
		{3A1B975B-4C73-4977-9756-1E1220A0E7B2}.Debug|Any CPU.Build.0 = Debug|Any CPU
		{3A1B975B-4C73-4977-9756-1E1220A0E7B2}.Release|Any CPU.ActiveCfg = Release|Any CPU
		{3A1B975B-4C73-4977-9756-1E1220A0E7B2}.Release|Any CPU.Build.0 = Release|Any CPU
		{77A4CBDA-1AC8-441B-B880-B3971E7EEE2F}.Debug|Any CPU.ActiveCfg = Debug|Any CPU
		{77A4CBDA-1AC8-441B-B880-B3971E7EEE2F}.Debug|Any CPU.Build.0 = Debug|Any CPU
		{77A4CBDA-1AC8-441B-B880-B3971E7EEE2F}.Release|Any CPU.ActiveCfg = Release|Any CPU
		{77A4CBDA-1AC8-441B-B880-B3971E7EEE2F}.Release|Any CPU.Build.0 = Release|Any CPU
	EndGlobalSection
	GlobalSection(SolutionProperties) = preSolution
		HideSolutionNode = FALSE
	EndGlobalSection
	GlobalSection(ExtensibilityGlobals) = postSolution
		SolutionGuid = {FFB04CAF-90AA-4B70-B0FC-DB32FA6BAD8A}
	EndGlobalSection
EndGlobal
