
Microsoft Visual Studio Solution File, Format Version 12.00
# Visual Studio Version 17
VisualStudioVersion = 17.10.35122.118
MinimumVisualStudioVersion = 10.0.40219.1
Project("{FAE04EC0-301F-11D3-BF4B-00C04F79EFBC}") = "SuggestionMakers", "SuggestionMakers\SuggestionMakers.csproj", "{3222C504-DF1A-49A7-9061-E6561DF09564}"
EndProject
Global
	GlobalSection(SolutionConfigurationPlatforms) = preSolution
		Debug|Any CPU = Debug|Any CPU
		Release|Any CPU = Release|Any CPU
	EndGlobalSection
	GlobalSection(ProjectConfigurationPlatforms) = postSolution
		{3222C504-DF1A-49A7-9061-E6561DF09564}.Debug|Any CPU.ActiveCfg = Debug|Any CPU
		{3222C504-DF1A-49A7-9061-E6561DF09564}.Debug|Any CPU.Build.0 = Debug|Any CPU
		{3222C504-DF1A-49A7-9061-E6561DF09564}.Release|Any CPU.ActiveCfg = Release|Any CPU
		{3222C504-DF1A-49A7-9061-E6561DF09564}.Release|Any CPU.Build.0 = Release|Any CPU
	EndGlobalSection
	GlobalSection(SolutionProperties) = preSolution
		HideSolutionNode = FALSE
	EndGlobalSection
	GlobalSection(ExtensibilityGlobals) = postSolution
		SolutionGuid = {FFB04CAF-90AA-4B70-B0FC-DB32FA6BAD8A}
	EndGlobalSection
EndGlobal
